
Microsoft Visual Studio Solution File, Format Version 10.00
# Visual Studio 2008
# SharpDevelop 4.3
Project("{FAE04EC0-301F-11D3-BF4B-00C04F79EFBC}") = "SRun3KStupid", "SRun3KStupid.csproj", "{E5662D20-F168-425A-BC08-023AA0C07785}"
EndProject
Global
	GlobalSection(SolutionConfigurationPlatforms) = preSolution
		Debug|Any CPU = Debug|Any CPU
		Release|Any CPU = Release|Any CPU
	EndGlobalSection
	GlobalSection(ProjectConfigurationPlatforms) = postSolution
		{E5662D20-F168-425A-BC08-023AA0C07785}.Debug|Any CPU.Build.0 = Debug|Any CPU
		{E5662D20-F168-425A-BC08-023AA0C07785}.Debug|Any CPU.ActiveCfg = Debug|Any CPU
		{E5662D20-F168-425A-BC08-023AA0C07785}.Release|Any CPU.Build.0 = Release|Any CPU
		{E5662D20-F168-425A-BC08-023AA0C07785}.Release|Any CPU.ActiveCfg = Release|Any CPU
	EndGlobalSection
EndGlobal
